# This file is autogenerated, do not edit; changes may be undone by the next 'dep ensure'.


[[projects]]
  name = "github.com/Clever/discovery-go"
  packages = ["."]
  revision = "12684ef3012bf55b9827a6e7c96503e37b0d8379"

[[projects]]
  name = "github.com/Clever/gearcmd"
  packages = ["argsparser","baseworker","baseworker/mock","config","gearcmd"]
  revision = "c24d289add3301528d77948f673eea34f9244e8f"
  version = "0.8.9"

[[projects]]
  name = "github.com/Clever/gearman-go"
  packages = ["worker"]
  revision = "d6c6bfe9f011021c28ca173d8a4f82faf3607cdf"
  version = "0.1.3"

[[projects]]
  branch = "master"
  name = "github.com/facebookgo/clock"
  packages = ["."]
  revision = "600d898af40aa09a7a93ecb9265d87b0504b6f03"

[[projects]]
  name = "github.com/mikespook/gearman-go"
  packages = ["common"]
  revision = "d6c6bfe9f011021c28ca173d8a4f82faf3607cdf"
  version = "0.1.3"

[[projects]]
  name = "github.com/stretchr/testify"
  packages = ["assert"]
  revision = "efa3c4c36479edac5af79cbcb4bc8cb525e09b13"

[[projects]]
  branch = "master"
  name = "github.com/xeipuuv/gojsonpointer"
  packages = ["."]
  revision = "6fe8760cad3569743d51ddbb243b26f8456742dc"

[[projects]]
  branch = "master"
  name = "github.com/xeipuuv/gojsonreference"
  packages = ["."]
  revision = "e02fc20de94c78484cd5ffb007f8af96be030a45"

[[projects]]
  name = "github.com/xeipuuv/gojsonschema"
  packages = ["."]
  revision = "702b404897d4364af44dc8dcabc9815947942325"

[[projects]]
  name = "gopkg.in/Clever/kayvee-go.v3"
  packages = [".","logger"]
  revision = "056c92dcc68b40c5d6045f755197b3776f914154"
  version = "v3.2.1"

[[projects]]
  name = "gopkg.in/Clever/kayvee-go.v6"
  packages = [".","logger","router"]
  revision = "621391ad4b92727a9a6acb99ec08a349ac0e4a4f"
  version = "v6.9.0"

[[projects]]
  name = "gopkg.in/eapache/go-resiliency.v1"
  packages = ["retrier"]
  revision = "6800482f2c813e689c88b7ed3282262385011890"
  version = "v1.0.0"

[[projects]]
  name = "gopkg.in/yaml.v2"
  packages = ["."]
  revision = "cd8b52f8269e0feb286dfeef29f8fe4d5b397e0b"

[solve-meta]
  analyzer-name = "dep"
  analyzer-version = 1
  inputs-digest = "517257c3eace2da1f8356948f4108585ce391c60f646401a5777c986af42d065"
  solver-name = "gps-cdcl"
  solver-version = 1
